
Microsoft Visual Studio Solution File, Format Version 12.00
Project("{FAE04EC0-301F-11D3-BF4B-00C04F79EFBC}") = "UploadingExcel.Test", "UploadingExcel.Test\UploadingExcel.Test.csproj", "{CDD39E5C-42C0-4876-B3C8-397070B5215C}"
EndProject
Global
	GlobalSection(SolutionConfigurationPlatforms) = preSolution
		Debug|Any CPU = Debug|Any CPU
		Release|Any CPU = Release|Any CPU
	EndGlobalSection
	GlobalSection(ProjectConfigurationPlatforms) = postSolution
		{CDD39E5C-42C0-4876-B3C8-397070B5215C}.Debug|Any CPU.ActiveCfg = Debug|Any CPU
		{CDD39E5C-42C0-4876-B3C8-397070B5215C}.Debug|Any CPU.Build.0 = Debug|Any CPU
		{CDD39E5C-42C0-4876-B3C8-397070B5215C}.Release|Any CPU.ActiveCfg = Release|Any CPU
		{CDD39E5C-42C0-4876-B3C8-397070B5215C}.Release|Any CPU.Build.0 = Release|Any CPU
	EndGlobalSection
EndGlobal
